
Microsoft Visual Studio Solution File, Format Version 12.00
# Visual Studio 15
VisualStudioVersion = 15.0.27428.2037
MinimumVisualStudioVersion = 10.0.40219.1
Project("{FAE04EC0-301F-11D3-BF4B-00C04F79EFBC}") = "frqvs", "frqvs\frqvs.csproj", "{60F54CA6-617B-4F9F-AA88-2FEB6B8A043A}"
EndProject
Project("{FAE04EC0-301F-11D3-BF4B-00C04F79EFBC}") = "SCS.Core", "SCS.Core\SCS.Core.csproj", "{B243A5D7-EBAC-4763-8EBC-9B788F3BD85B}"
EndProject
Project("{FAE04EC0-301F-11D3-BF4B-00C04F79EFBC}") = "SCS.ConsoleApp", "SCS.ConsoleApp\SCS.ConsoleApp.csproj", "{74D7ADEC-A0A1-49DA-88DC-3E24E85B2F59}"
EndProject
Project("{2150E333-8FDC-42A3-9474-1A3956D46DE8}") = "SCS.Core.Last", "SCS.Core.Last", "{ABE8570B-5BAE-4A95-B25D-34537C440B38}"
EndProject
Project("{FAE04EC0-301F-11D3-BF4B-00C04F79EFBC}") = "SCS.Core.Last", "SCS.Core.Last\SCS.Core.Last.csproj", "{E7BB2AA3-397F-4AE9-890A-F61C98A77354}"
EndProject
Project("{FAE04EC0-301F-11D3-BF4B-00C04F79EFBC}") = "SCS.Last.WinForms", "SCS.Last.WinForms\SCS.Last.WinForms.csproj", "{90DBACDA-B8B1-4CB1-9B04-DFD45653C010}"
EndProject
Global
	GlobalSection(SolutionConfigurationPlatforms) = preSolution
		Debug|Any CPU = Debug|Any CPU
		Release|Any CPU = Release|Any CPU
	EndGlobalSection
	GlobalSection(ProjectConfigurationPlatforms) = postSolution
		{60F54CA6-617B-4F9F-AA88-2FEB6B8A043A}.Debug|Any CPU.ActiveCfg = Debug|Any CPU
		{60F54CA6-617B-4F9F-AA88-2FEB6B8A043A}.Debug|Any CPU.Build.0 = Debug|Any CPU
		{60F54CA6-617B-4F9F-AA88-2FEB6B8A043A}.Release|Any CPU.ActiveCfg = Release|Any CPU
		{60F54CA6-617B-4F9F-AA88-2FEB6B8A043A}.Release|Any CPU.Build.0 = Release|Any CPU
		{B243A5D7-EBAC-4763-8EBC-9B788F3BD85B}.Debug|Any CPU.ActiveCfg = Debug|Any CPU
		{B243A5D7-EBAC-4763-8EBC-9B788F3BD85B}.Debug|Any CPU.Build.0 = Debug|Any CPU
		{B243A5D7-EBAC-4763-8EBC-9B788F3BD85B}.Release|Any CPU.ActiveCfg = Release|Any CPU
		{B243A5D7-EBAC-4763-8EBC-9B788F3BD85B}.Release|Any CPU.Build.0 = Release|Any CPU
		{74D7ADEC-A0A1-49DA-88DC-3E24E85B2F59}.Debug|Any CPU.ActiveCfg = Debug|Any CPU
		{74D7ADEC-A0A1-49DA-88DC-3E24E85B2F59}.Debug|Any CPU.Build.0 = Debug|Any CPU
		{74D7ADEC-A0A1-49DA-88DC-3E24E85B2F59}.Release|Any CPU.ActiveCfg = Release|Any CPU
		{74D7ADEC-A0A1-49DA-88DC-3E24E85B2F59}.Release|Any CPU.Build.0 = Release|Any CPU
		{E7BB2AA3-397F-4AE9-890A-F61C98A77354}.Debug|Any CPU.ActiveCfg = Debug|Any CPU
		{E7BB2AA3-397F-4AE9-890A-F61C98A77354}.Debug|Any CPU.Build.0 = Debug|Any CPU
		{E7BB2AA3-397F-4AE9-890A-F61C98A77354}.Release|Any CPU.ActiveCfg = Release|Any CPU
		{E7BB2AA3-397F-4AE9-890A-F61C98A77354}.Release|Any CPU.Build.0 = Release|Any CPU
		{90DBACDA-B8B1-4CB1-9B04-DFD45653C010}.Debug|Any CPU.ActiveCfg = Debug|Any CPU
		{90DBACDA-B8B1-4CB1-9B04-DFD45653C010}.Debug|Any CPU.Build.0 = Debug|Any CPU
		{90DBACDA-B8B1-4CB1-9B04-DFD45653C010}.Release|Any CPU.ActiveCfg = Release|Any CPU
		{90DBACDA-B8B1-4CB1-9B04-DFD45653C010}.Release|Any CPU.Build.0 = Release|Any CPU
	EndGlobalSection
	GlobalSection(SolutionProperties) = preSolution
		HideSolutionNode = FALSE
	EndGlobalSection
	GlobalSection(NestedProjects) = preSolution
		{E7BB2AA3-397F-4AE9-890A-F61C98A77354} = {ABE8570B-5BAE-4A95-B25D-34537C440B38}
		{90DBACDA-B8B1-4CB1-9B04-DFD45653C010} = {ABE8570B-5BAE-4A95-B25D-34537C440B38}
	EndGlobalSection
	GlobalSection(ExtensibilityGlobals) = postSolution
		SolutionGuid = {7A710A26-2B29-4DEC-857B-99DFB6FBD772}
	EndGlobalSection
EndGlobal
